
Microsoft Visual Studio Solution File, Format Version 12.00
# Visual Studio Version 17
VisualStudioVersion = 17.14.37516.0
MinimumVisualStudioVersion = 10.0.40219.1
Project("{FAE04EC0-301F-11D3-BF4B-00C04F79EFBC}") = "ITB-SCREEN-RECORDER.Core", "ITB-SCREEN-RECORDER.Core\ITB-SCREEN-RECORDER.Core.csproj", "{441F18A3-6412-4A88-880F-374768D70EB0}"
EndProject
Project("{FAE04EC0-301F-11D3-BF4B-00C04F79EFBC}") = "ITB-SCREEN-RECORDER.Server", "ITB-SCREEN-RECORDER.Server\ITB-SCREEN-RECORDER.Server.csproj", "{0ABD305F-8C36-47D7-AC4D-3B4A30B79538}"
EndProject
Project("{FAE04EC0-301F-11D3-BF4B-00C04F79EFBC}") = "ITB-SCREEN-RECORDER.AgentService", "ITB-SCREEN-RECORDER.AgentService\ITB-SCREEN-RECORDER.AgentService.csproj", "{EB345E47-506E-4FF8-A0F9-A07D84685976}"
EndProject
Project("{FAE04EC0-301F-11D3-BF4B-00C04F79EFBC}") = "ITB-SCREEN-RECORDER.AgentWorker", "ITB-SCREEN-RECORDER.AgentWorker\ITB-SCREEN-RECORDER.AgentWorker.csproj", "{4BAEF00A-D180-156A-2F74-A13B18A2218E}"
EndProject
Global
	GlobalSection(SolutionConfigurationPlatforms) = preSolution
		Debug|Any CPU = Debug|Any CPU
		Release|Any CPU = Release|Any CPU
	EndGlobalSection
	GlobalSection(ProjectConfigurationPlatforms) = postSolution
		{441F18A3-6412-4A88-880F-374768D70EB0}.Debug|Any CPU.ActiveCfg = Debug|Any CPU
		{441F18A3-6412-4A88-880F-374768D70EB0}.Debug|Any CPU.Build.0 = Debug|Any CPU
		{441F18A3-6412-4A88-880F-374768D70EB0}.Release|Any CPU.ActiveCfg = Release|Any CPU
		{441F18A3-6412-4A88-880F-374768D70EB0}.Release|Any CPU.Build.0 = Release|Any CPU
		{0ABD305F-8C36-47D7-AC4D-3B4A30B79538}.Debug|Any CPU.ActiveCfg = Debug|Any CPU
		{0ABD305F-8C36-47D7-AC4D-3B4A30B79538}.Debug|Any CPU.Build.0 = Debug|Any CPU
		{0ABD305F-8C36-47D7-AC4D-3B4A30B79538}.Release|Any CPU.ActiveCfg = Release|Any CPU
		{0ABD305F-8C36-47D7-AC4D-3B4A30B79538}.Release|Any CPU.Build.0 = Release|Any CPU
		{EB345E47-506E-4FF8-A0F9-A07D84685976}.Debug|Any CPU.ActiveCfg = Debug|Any CPU
		{EB345E47-506E-4FF8-A0F9-A07D84685976}.Debug|Any CPU.Build.0 = Debug|Any CPU
		{EB345E47-506E-4FF8-A0F9-A07D84685976}.Release|Any CPU.ActiveCfg = Release|Any CPU
		{EB345E47-506E-4FF8-A0F9-A07D84685976}.Release|Any CPU.Build.0 = Release|Any CPU
		{4BAEF00A-D180-156A-2F74-A13B18A2218E}.Debug|Any CPU.ActiveCfg = Debug|Any CPU
		{4BAEF00A-D180-156A-2F74-A13B18A2218E}.Debug|Any CPU.Build.0 = Debug|Any CPU
		{4BAEF00A-D180-156A-2F74-A13B18A2218E}.Release|Any CPU.ActiveCfg = Release|Any CPU
		{4BAEF00A-D180-156A-2F74-A13B18A2218E}.Release|Any CPU.Build.0 = Release|Any CPU
	EndGlobalSection
	GlobalSection(SolutionProperties) = preSolution
		HideSolutionNode = FALSE
	EndGlobalSection
	GlobalSection(ExtensibilityGlobals) = postSolution
		SolutionGuid = {D3D04413-A3EA-409E-9CB9-A7D8CE909380}
	EndGlobalSection
EndGlobal
